
Microsoft Visual Studio Solution File, Format Version 12.00
Project("{2150E333-8FDC-42A3-9474-1A3956D46DE8}") = "src", "src", "{BAC70DD1-6437-4032-95A0-90FB09D9666D}"
EndProject
Project("{FAE04EC0-301F-11D3-BF4B-00C04F79EFBC}") = "Domain", "Domain\Domain.csproj", "{61C5B4B8-29D2-458D-B189-6314A8DFDD0E}"
EndProject
Project("{FAE04EC0-301F-11D3-BF4B-00C04F79EFBC}") = "Application", "Application\Application.csproj", "{812F5064-BB9C-4C36-AA32-44D609A7108C}"
EndProject
Project("{FAE04EC0-301F-11D3-BF4B-00C04F79EFBC}") = "Infrastructure", "Infrastructure\Infrastructure.csproj", "{92B95A1A-F52A-497B-B37E-4E08539C444E}"
EndProject
Project("{FAE04EC0-301F-11D3-BF4B-00C04F79EFBC}") = "Presentation", "Presentation\Presentation.csproj", "{7A488FB4-B50F-4824-8718-2D9E9144DB39}"
EndProject
Project("{FAE04EC0-301F-11D3-BF4B-00C04F79EFBC}") = "WebApi", "WebApi\WebApi.csproj", "{52C51851-C6D7-43E5-8F4D-B8AA5C6DF272}"
EndProject
Project("{2150E333-8FDC-42A3-9474-1A3956D46DE8}") = "tests", "tests", "{079E4ED1-3710-4AA1-B6CB-E8F2F32CB78B}"
EndProject
Project("{FAE04EC0-301F-11D3-BF4B-00C04F79EFBC}") = "Application.IntegrationTests", "Application.IntegrationTests\Application.IntegrationTests.csproj", "{2BE66196-D4F1-4C88-8021-F3B555FA9C77}"
EndProject
Global
	GlobalSection(SolutionConfigurationPlatforms) = preSolution
		Debug|Any CPU = Debug|Any CPU
		Release|Any CPU = Release|Any CPU
	EndGlobalSection
	GlobalSection(NestedProjects) = preSolution
		{61C5B4B8-29D2-458D-B189-6314A8DFDD0E} = {BAC70DD1-6437-4032-95A0-90FB09D9666D}
		{812F5064-BB9C-4C36-AA32-44D609A7108C} = {BAC70DD1-6437-4032-95A0-90FB09D9666D}
		{92B95A1A-F52A-497B-B37E-4E08539C444E} = {BAC70DD1-6437-4032-95A0-90FB09D9666D}
		{7A488FB4-B50F-4824-8718-2D9E9144DB39} = {BAC70DD1-6437-4032-95A0-90FB09D9666D}
		{52C51851-C6D7-43E5-8F4D-B8AA5C6DF272} = {BAC70DD1-6437-4032-95A0-90FB09D9666D}
		{2BE66196-D4F1-4C88-8021-F3B555FA9C77} = {079E4ED1-3710-4AA1-B6CB-E8F2F32CB78B}
	EndGlobalSection
	GlobalSection(ProjectConfigurationPlatforms) = postSolution
		{61C5B4B8-29D2-458D-B189-6314A8DFDD0E}.Debug|Any CPU.ActiveCfg = Debug|Any CPU
		{61C5B4B8-29D2-458D-B189-6314A8DFDD0E}.Debug|Any CPU.Build.0 = Debug|Any CPU
		{61C5B4B8-29D2-458D-B189-6314A8DFDD0E}.Release|Any CPU.ActiveCfg = Release|Any CPU
		{61C5B4B8-29D2-458D-B189-6314A8DFDD0E}.Release|Any CPU.Build.0 = Release|Any CPU
		{812F5064-BB9C-4C36-AA32-44D609A7108C}.Debug|Any CPU.ActiveCfg = Debug|Any CPU
		{812F5064-BB9C-4C36-AA32-44D609A7108C}.Debug|Any CPU.Build.0 = Debug|Any CPU
		{812F5064-BB9C-4C36-AA32-44D609A7108C}.Release|Any CPU.ActiveCfg = Release|Any CPU
		{812F5064-BB9C-4C36-AA32-44D609A7108C}.Release|Any CPU.Build.0 = Release|Any CPU
		{92B95A1A-F52A-497B-B37E-4E08539C444E}.Debug|Any CPU.ActiveCfg = Debug|Any CPU
		{92B95A1A-F52A-497B-B37E-4E08539C444E}.Debug|Any CPU.Build.0 = Debug|Any CPU
		{92B95A1A-F52A-497B-B37E-4E08539C444E}.Release|Any CPU.ActiveCfg = Release|Any CPU
		{92B95A1A-F52A-497B-B37E-4E08539C444E}.Release|Any CPU.Build.0 = Release|Any CPU
		{7A488FB4-B50F-4824-8718-2D9E9144DB39}.Debug|Any CPU.ActiveCfg = Debug|Any CPU
		{7A488FB4-B50F-4824-8718-2D9E9144DB39}.Debug|Any CPU.Build.0 = Debug|Any CPU
		{7A488FB4-B50F-4824-8718-2D9E9144DB39}.Release|Any CPU.ActiveCfg = Release|Any CPU
		{7A488FB4-B50F-4824-8718-2D9E9144DB39}.Release|Any CPU.Build.0 = Release|Any CPU
		{52C51851-C6D7-43E5-8F4D-B8AA5C6DF272}.Debug|Any CPU.ActiveCfg = Debug|Any CPU
		{52C51851-C6D7-43E5-8F4D-B8AA5C6DF272}.Debug|Any CPU.Build.0 = Debug|Any CPU
		{52C51851-C6D7-43E5-8F4D-B8AA5C6DF272}.Release|Any CPU.ActiveCfg = Release|Any CPU
		{52C51851-C6D7-43E5-8F4D-B8AA5C6DF272}.Release|Any CPU.Build.0 = Release|Any CPU
		{2BE66196-D4F1-4C88-8021-F3B555FA9C77}.Debug|Any CPU.ActiveCfg = Debug|Any CPU
		{2BE66196-D4F1-4C88-8021-F3B555FA9C77}.Debug|Any CPU.Build.0 = Debug|Any CPU
		{2BE66196-D4F1-4C88-8021-F3B555FA9C77}.Release|Any CPU.ActiveCfg = Release|Any CPU
		{2BE66196-D4F1-4C88-8021-F3B555FA9C77}.Release|Any CPU.Build.0 = Release|Any CPU
	EndGlobalSection
EndGlobal
